{
  "name": "projet-crypto",
  "version": "1.0.0",
  "lockfileVersion": 1,
  "requires": true,
  "dependencies": {
    "after-all": {
      "version": "2.0.2",
      "resolved": "https://registry.npmjs.org/after-all/-/after-all-2.0.2.tgz",
      "integrity": "sha1-IDACmO1glLTIXJjnyK1NymKPn3M=",
      "requires": {
        "once": "^1.3.0"
      }
    },
    "lodash": {
      "version": "4.17.11",
      "resolved": "https://registry.npmjs.org/lodash/-/lodash-4.17.11.tgz",
      "integrity": "sha512-cQKh8igo5QUhZ7lg38DYWAxMvjSAKG0A8wGSVimP07SIUEK2UO+arSRKbRZWtelMtN5V0Hkwh5ryOto/SshYIg=="
    },
    "minimist": {
      "version": "1.2.0",
      "resolved": "https://registry.npmjs.org/minimist/-/minimist-1.2.0.tgz",
      "integrity": "sha1-o1AIsg9BOD7sH7kU9M1d95omQoQ="
    },
    "once": {
      "version": "1.4.0",
      "resolved": "https://registry.npmjs.org/once/-/once-1.4.0.tgz",
      "integrity": "sha1-WDsap3WWHUsROsF9nFC6753Xa9E=",
      "requires": {
        "wrappy": "1"
      }
    },
    "windows-1252": {
      "version": "1.0.0",
      "resolved": "https://registry.npmjs.org/windows-1252/-/windows-1252-1.0.0.tgz",
      "integrity": "sha1-ch2UZ9TaFy0rjdKlYJSwQ1X+WXY="
    },
    "worker-threads-pool": {
      "version": "2.0.0",
      "resolved": "https://registry.npmjs.org/worker-threads-pool/-/worker-threads-pool-2.0.0.tgz",
      "integrity": "sha512-5dtGbEucee6o5/kQgpyKIUoHGWf8488DP3ihZDJzDIVvH4V+NA6HdBl/I5ckI4yN1NwM68pdZDbrwac1M95mEA==",
      "requires": {
        "after-all": "^2.0.2"
      }
    },
    "wrappy": {
      "version": "1.0.2",
      "resolved": "https://registry.npmjs.org/wrappy/-/wrappy-1.0.2.tgz",
      "integrity": "sha1-tSQ9jz7BqjXxNkYFvA0QNuMKtp8="
    }
  }
}
